
Microsoft Visual Studio Solution File, Format Version 12.00
# Visual Studio Version 16
VisualStudioVersion = 16.0.29418.71
MinimumVisualStudioVersion = 10.0.40219.1
Project("{FAE04EC0-301F-11D3-BF4B-00C04F79EFBC}") = "ReadAndQuery", "ReadAndQuery\ReadAndQuery.csproj", "{1367E2F2-5391-414B-81A2-349B275F135E}"
EndProject
Project("{FAE04EC0-301F-11D3-BF4B-00C04F79EFBC}") = "MyMath", "MyMath\MyMath.csproj", "{38A958EB-2DF8-4967-B32A-7F1BE64E8359}"
EndProject
Project("{FAE04EC0-301F-11D3-BF4B-00C04F79EFBC}") = "MyMath1.UnitTests", "MyMath1.UnitTests\MyMath1.UnitTests.csproj", "{00A19B01-B016-4594-B784-F0FD30073088}"
EndProject
Global
	GlobalSection(SolutionConfigurationPlatforms) = preSolution
		Debug|Any CPU = Debug|Any CPU
		Release|Any CPU = Release|Any CPU
	EndGlobalSection
	GlobalSection(ProjectConfigurationPlatforms) = postSolution
		{1367E2F2-5391-414B-81A2-349B275F135E}.Debug|Any CPU.ActiveCfg = Debug|Any CPU
		{1367E2F2-5391-414B-81A2-349B275F135E}.Debug|Any CPU.Build.0 = Debug|Any CPU
		{1367E2F2-5391-414B-81A2-349B275F135E}.Release|Any CPU.ActiveCfg = Release|Any CPU
		{1367E2F2-5391-414B-81A2-349B275F135E}.Release|Any CPU.Build.0 = Release|Any CPU
		{38A958EB-2DF8-4967-B32A-7F1BE64E8359}.Debug|Any CPU.ActiveCfg = Debug|Any CPU
		{38A958EB-2DF8-4967-B32A-7F1BE64E8359}.Debug|Any CPU.Build.0 = Debug|Any CPU
		{38A958EB-2DF8-4967-B32A-7F1BE64E8359}.Release|Any CPU.ActiveCfg = Release|Any CPU
		{38A958EB-2DF8-4967-B32A-7F1BE64E8359}.Release|Any CPU.Build.0 = Release|Any CPU
		{00A19B01-B016-4594-B784-F0FD30073088}.Debug|Any CPU.ActiveCfg = Debug|Any CPU
		{00A19B01-B016-4594-B784-F0FD30073088}.Debug|Any CPU.Build.0 = Debug|Any CPU
		{00A19B01-B016-4594-B784-F0FD30073088}.Release|Any CPU.ActiveCfg = Release|Any CPU
		{00A19B01-B016-4594-B784-F0FD30073088}.Release|Any CPU.Build.0 = Release|Any CPU
	EndGlobalSection
	GlobalSection(SolutionProperties) = preSolution
		HideSolutionNode = FALSE
	EndGlobalSection
	GlobalSection(ExtensibilityGlobals) = postSolution
		SolutionGuid = {340BD48E-72B2-4BFA-8195-4806A672FF82}
	EndGlobalSection
EndGlobal
